{
  "nodes": {
    "nixpkgs": {
      "locked": {
        "lastModified": 1699380656,
        "narHash": "sha256-H9kQH3J2Z15Ady3zVQsN/tXv8qnRr+p1B0eUkR1bKfE=",
        "owner": "NixOS",
        "repo": "nixpkgs",
        "rev": "03e7a22654c44489a0a70ea0e237de3e512cd8a6",
        "type": "github"
      },
      "original": {
        "owner": "NixOS",
        "repo": "nixpkgs",
        "type": "github"
      }
    },
    "root": {
      "inputs": {
        "nixpkgs": "nixpkgs",
        "schildichat": "schildichat"
      }
    },
    "schildichat": {
      "flake": false,
      "locked": {
        "lastModified": 1758092383,
        "narHash": "sha256-xwFJihAc2JsEm2OGE2RG6vmhSYqFTINdWbN6VJC3LKc=",
        "owner": "SchildiChat",
        "repo": "schildichat-desktop",
        "rev": "4d4dcf1f7baf4cfaa1784940e479fd432d7e9af1",
        "type": "github"
      },
      "original": {
        "owner": "SchildiChat",
        "repo": "schildichat-desktop",
        "type": "github"
      }
    }
  },
  "root": "root",
  "version": 7
}
