{
  "nodes": {
    "desktop": {
      "flake": false,
      "locked": {
        "lastModified": 1708941445,
        "narHash": "sha256-2EmEbDQe4jSWflDJUoxmdMotQgNd+wzT3I7+19tFRRI=",
        "owner": "SchildiChat",
        "repo": "element-desktop",
        "rev": "fb2931eb808d99995a4cd5ef168e8d4697f39e3f",
        "type": "github"
      },
      "original": {
        "owner": "SchildiChat",
        "repo": "element-desktop",
        "type": "github"
      }
    },
    "nixpkgs": {
      "locked": {
        "lastModified": 1699380656,
        "narHash": "sha256-H9kQH3J2Z15Ady3zVQsN/tXv8qnRr+p1B0eUkR1bKfE=",
        "owner": "NixOS",
        "repo": "nixpkgs",
        "rev": "03e7a22654c44489a0a70ea0e237de3e512cd8a6",
        "type": "github"
      },
      "original": {
        "owner": "NixOS",
        "repo": "nixpkgs",
        "type": "github"
      }
    },
    "root": {
      "inputs": {
        "desktop": "desktop",
        "nixpkgs": "nixpkgs",
        "web": "web"
      }
    },
    "web": {
      "flake": false,
      "locked": {
        "lastModified": 1746198330,
        "narHash": "sha256-VWv5AblkbYttP5solV75nqdHDSnRCbR+Hbi35e25XhQ=",
        "owner": "element-hq",
        "repo": "element-web",
        "rev": "9ec54c534dc5b2511dc590371ca9c978fc3b897f",
        "type": "github"
      },
      "original": {
        "owner": "element-hq",
        "repo": "element-web",
        "type": "github"
      }
    }
  },
  "root": "root",
  "version": 7
}
